<?xml version="1.0" encoding="utf-8"?>
<Project ToolsVersion="4.0" xmlns="http://schemas.microsoft.com/developer/msbuild/2003">
  <ItemGroup>
    <Filter Include="Resource Files">
      <UniqueIdentifier>{67DA6AB6-F800-4c08-8B7A-83BB121AAD01}</UniqueIdentifier>
      <Extensions>rc;ico;cur;bmp;dlg;rc2;rct;bin;rgs;gif;jpg;jpeg;jpe;resx;tiff;tif;png;wav;mfcribbon-ms</Extensions>
    </Filter>
    <Filter Include="Unit Tests">
      <UniqueIdentifier>{39950a1d-9c81-4fcf-885a-bb1d027ce87e}</UniqueIdentifier>
    </Filter>
    <Filter Include="Contrib">
      <UniqueIdentifier>{f86325f2-89f4-4fef-8985-b897cb2a126c}</UniqueIdentifier>
    </Filter>
    <Filter Include="Core Sources">
      <UniqueIdentifier>{d0212d43-52ea-4fff-b05d-07da4e0e018e}</UniqueIdentifier>
    </Filter>
  </ItemGroup>
  <ItemGroup>
    <ClCompile Include="..\..\test\unit\TestModelEntityCategory.cpp">
      <Filter>Unit Tests</Filter>
    </ClCompile>
    <ClCompile Include="..\..\test\unit\TestModelEntityCommentary.cpp">
      <Filter>Unit Tests</Filter>
    </ClCompile>
    <ClCompile Include="..\..\test\unit\TestModelEntityTask.cpp">
      <Filter>Unit Tests</Filter>
    </ClCompile>
    <ClCompile Include="..\..\test\unit\TestModelRepositoryCategoryRepository.cpp">
      <Filter>Unit Tests</Filter>
    </ClCompile>
    <ClCompile Include="..\..\test\unit\TestModelRepositoryCommentaryRepository.cpp">
      <Filter>Unit Tests</Filter>
    </ClCompile>
    <ClCompile Include="..\..\test\unit\TestModelRepositoryTaskRepository.cpp">
      <Filter>Unit Tests</Filter>
    </ClCompile>
    <ClCompile Include="..\..\test\unit\TestModelSchemaSchema.cpp">
      <Filter>Unit Tests</Filter>
    </ClCompile>
    <ClCompile Include="main.cpp" />
    <ClCompile Include="..\..\contrib\googletest\src\gtest-all.cc">
      <Filter>Contrib</Filter>
    </ClCompile>
    <ClCompile Include="..\..\contrib\sqlite\source\sqlite3.c">
      <Filter>Contrib</Filter>
    </ClCompile>
    <ClCompile Include="..\..\test\unit\TestUtilityDateTime.cpp">
      <Filter>Unit Tests</Filter>
    </ClCompile>
    <ClCompile Include="..\..\test\unit\TestUtilityStringConversions.cpp">
      <Filter>Unit Tests</Filter>
    </ClCompile>
    <ClCompile Include="..\..\model\entity\category\Category.cpp">
      <Filter>Core Sources</Filter>
    </ClCompile>
    <ClCompile Include="..\..\model\entity\commentary\Commentary.cpp">
      <Filter>Core Sources</Filter>
    </ClCompile>
    <ClCompile Include="..\..\model\entity\IEntity.cpp">
      <Filter>Core Sources</Filter>
    </ClCompile>
    <ClCompile Include="..\..\model\entity\task\Task.cpp">
      <Filter>Core Sources</Filter>
    </ClCompile>
    <ClCompile Include="..\..\model\factory\category\CategoryFactory.cpp">
      <Filter>Core Sources</Filter>
    </ClCompile>
    <ClCompile Include="..\..\model\factory\commentary\CommentaryFactory.cpp">
      <Filter>Core Sources</Filter>
    </ClCompile>
    <ClCompile Include="..\..\model\factory\task\TaskFactory.cpp">
      <Filter>Core Sources</Filter>
    </ClCompile>
    <ClCompile Include="..\..\model\operation\OperationsQueue.cpp">
      <Filter>Core Sources</Filter>
    </ClCompile>
    <ClCompile Include="..\..\model\repository\BaseRepository.cpp">
      <Filter>Core Sources</Filter>
    </ClCompile>
    <ClCompile Include="..\..\model\repository\category\CategoryRepository.cpp">
      <Filter>Core Sources</Filter>
    </ClCompile>
    <ClCompile Include="..\..\model\repository\commentary\CommentaryRepository.cpp">
      <Filter>Core Sources</Filter>
    </ClCompile>
    <ClCompile Include="..\..\model\repository\task\TaskFilterSettings.cpp">
      <Filter>Core Sources</Filter>
    </ClCompile>
    <ClCompile Include="..\..\model\repository\task\TaskRepository.cpp">
      <Filter>Core Sources</Filter>
    </ClCompile>
    <ClCompile Include="..\..\model\repository\task\TaskSortSettings.cpp">
      <Filter>Core Sources</Filter>
    </ClCompile>
    <ClCompile Include="..\..\model\schema\Schema.cpp">
      <Filter>Core Sources</Filter>
    </ClCompile>
    <ClCompile Include="..\..\model\traits\category\CategoryTraits.cpp">
      <Filter>Core Sources</Filter>
    </ClCompile>
    <ClCompile Include="..\..\model\traits\commentary\CommentaryTraits.cpp">
      <Filter>Core Sources</Filter>
    </ClCompile>
    <ClCompile Include="..\..\model\traits\IEntityTraits.cpp">
      <Filter>Core Sources</Filter>
    </ClCompile>
    <ClCompile Include="..\..\model\traits\task\TaskTraits.cpp">
      <Filter>Core Sources</Filter>
    </ClCompile>
    <ClCompile Include="..\..\utility\DateTime.cpp">
      <Filter>Core Sources</Filter>
    </ClCompile>
    <ClCompile Include="..\..\utility\StringConversions.cpp">
      <Filter>Core Sources</Filter>
    </ClCompile>
    <ClCompile Include="..\..\model\workspace\Workspace.cpp">
      <Filter>Core Sources</Filter>
    </ClCompile>
  </ItemGroup>
  <ItemGroup>
    <ClInclude Include="..\..\model\entity\category\Category.h">
      <Filter>Core Sources</Filter>
    </ClInclude>
    <ClInclude Include="..\..\model\entity\commentary\Commentary.h">
      <Filter>Core Sources</Filter>
    </ClInclude>
    <ClInclude Include="..\..\model\entity\IEntity.h">
      <Filter>Core Sources</Filter>
    </ClInclude>
    <ClInclude Include="..\..\model\entity\task\Task.h">
      <Filter>Core Sources</Filter>
    </ClInclude>
    <ClInclude Include="..\..\model\factory\category\CategoryFactory.h">
      <Filter>Core Sources</Filter>
    </ClInclude>
    <ClInclude Include="..\..\model\factory\commentary\CommentaryFactory.h">
      <Filter>Core Sources</Filter>
    </ClInclude>
    <ClInclude Include="..\..\model\factory\task\TaskFactory.h">
      <Filter>Core Sources</Filter>
    </ClInclude>
    <ClInclude Include="..\..\model\operation\category\DeleteCategoryOperation.h">
      <Filter>Core Sources</Filter>
    </ClInclude>
    <ClInclude Include="..\..\model\operation\category\ICategoryOperation.h">
      <Filter>Core Sources</Filter>
    </ClInclude>
    <ClInclude Include="..\..\model\operation\category\InsertCategoryOperation.h">
      <Filter>Core Sources</Filter>
    </ClInclude>
    <ClInclude Include="..\..\model\operation\category\UpdateCategoryOperation.h">
      <Filter>Core Sources</Filter>
    </ClInclude>
    <ClInclude Include="..\..\model\operation\commentary\DeleteCommentaryOperation.h">
      <Filter>Core Sources</Filter>
    </ClInclude>
    <ClInclude Include="..\..\model\operation\commentary\ICommentaryOperation.h">
      <Filter>Core Sources</Filter>
    </ClInclude>
    <ClInclude Include="..\..\model\operation\commentary\InsertCommentaryOperation.h">
      <Filter>Core Sources</Filter>
    </ClInclude>
    <ClInclude Include="..\..\model\operation\commentary\UpdateCommentaryOperation.h">
      <Filter>Core Sources</Filter>
    </ClInclude>
    <ClInclude Include="..\..\model\operation\IOperation.h">
      <Filter>Core Sources</Filter>
    </ClInclude>
    <ClInclude Include="..\..\model\operation\OperationsQueue.h">
      <Filter>Core Sources</Filter>
    </ClInclude>
    <ClInclude Include="..\..\model\operation\task\DeleteTaskOperation.h">
      <Filter>Core Sources</Filter>
    </ClInclude>
    <ClInclude Include="..\..\model\operation\task\InsertTaskOperation.h">
      <Filter>Core Sources</Filter>
    </ClInclude>
    <ClInclude Include="..\..\model\operation\task\ITaskOperation.h">
      <Filter>Core Sources</Filter>
    </ClInclude>
    <ClInclude Include="..\..\model\operation\task\UpdateTaskOperation.h">
      <Filter>Core Sources</Filter>
    </ClInclude>
    <ClInclude Include="..\..\model\repository\BaseRepository.h">
      <Filter>Core Sources</Filter>
    </ClInclude>
    <ClInclude Include="..\..\model\repository\category\CategoryRepository.h">
      <Filter>Core Sources</Filter>
    </ClInclude>
    <ClInclude Include="..\..\model\repository\commentary\CommentaryRepository.h">
      <Filter>Core Sources</Filter>
    </ClInclude>
    <ClInclude Include="..\..\model\repository\IRepository.h">
      <Filter>Core Sources</Filter>
    </ClInclude>
    <ClInclude Include="..\..\model\repository\IRepositoryImpl.h">
      <Filter>Core Sources</Filter>
    </ClInclude>
    <ClInclude Include="..\..\model\repository\task\TaskFilterSettings.h">
      <Filter>Core Sources</Filter>
    </ClInclude>
    <ClInclude Include="..\..\model\repository\task\TaskRepository.h">
      <Filter>Core Sources</Filter>
    </ClInclude>
    <ClInclude Include="..\..\model\repository\task\TaskSortSettings.h">
      <Filter>Core Sources</Filter>
    </ClInclude>
    <ClInclude Include="..\..\model\schema\Schema.h">
      <Filter>Core Sources</Filter>
    </ClInclude>
    <ClInclude Include="..\..\model\traits\category\CategoryTraits.h">
      <Filter>Core Sources</Filter>
    </ClInclude>
    <ClInclude Include="..\..\model\traits\commentary\CommentaryTraits.h">
      <Filter>Core Sources</Filter>
    </ClInclude>
    <ClInclude Include="..\..\model\traits\IEntityTraits.h">
      <Filter>Core Sources</Filter>
    </ClInclude>
    <ClInclude Include="..\..\model\traits\task\TaskTraits.h">
      <Filter>Core Sources</Filter>
    </ClInclude>
    <ClInclude Include="..\..\utility\DateTime.h">
      <Filter>Core Sources</Filter>
    </ClInclude>
    <ClInclude Include="..\..\utility\StringConversions.h">
      <Filter>Core Sources</Filter>
    </ClInclude>
    <ClInclude Include="..\..\model\workspace\Workspace.h">
      <Filter>Core Sources</Filter>
    </ClInclude>
  </ItemGroup>
</Project>