<?xml version="1.0" encoding="utf-8"?>
<Project ToolsVersion="4.0" xmlns="http://schemas.microsoft.com/developer/msbuild/2003">
  <ItemGroup>
    <Filter Include="Resource Files">
      <UniqueIdentifier>{67DA6AB6-F800-4c08-8B7A-83BB121AAD01}</UniqueIdentifier>
      <Extensions>rc;ico;cur;bmp;dlg;rc2;rct;bin;rgs;gif;jpg;jpeg;jpe;resx;tiff;tif;png;wav;mfcribbon-ms</Extensions>
    </Filter>
    <Filter Include="Core Source Code">
      <UniqueIdentifier>{d867612a-54e9-4ed7-ac78-79fc66c0c6b4}</UniqueIdentifier>
    </Filter>
    <Filter Include="Core Source Code Dependencies">
      <UniqueIdentifier>{db56f06b-5e10-4152-ba9a-32b3cf38a704}</UniqueIdentifier>
    </Filter>
    <Filter Include="GUI">
      <UniqueIdentifier>{54b7ec12-4c97-45b5-8fdf-2cbbded00b54}</UniqueIdentifier>
    </Filter>
    <Filter Include="GUI\Screens">
      <UniqueIdentifier>{4e9a33b5-8f41-4602-a216-ca8c9192dc08}</UniqueIdentifier>
    </Filter>
    <Filter Include="GUI\Components">
      <UniqueIdentifier>{4a00cfca-e02d-4e74-ab44-1d271f5760c2}</UniqueIdentifier>
    </Filter>
  </ItemGroup>
  <ItemGroup>
    <ClInclude Include="..\..\model\entity\category\Category.h">
      <Filter>Core Source Code</Filter>
    </ClInclude>
    <ClInclude Include="..\..\model\entity\commentary\Commentary.h">
      <Filter>Core Source Code</Filter>
    </ClInclude>
    <ClInclude Include="..\..\model\entity\IEntity.h">
      <Filter>Core Source Code</Filter>
    </ClInclude>
    <ClInclude Include="..\..\model\entity\task\Task.h">
      <Filter>Core Source Code</Filter>
    </ClInclude>
    <ClInclude Include="..\..\model\factory\category\CategoryFactory.h">
      <Filter>Core Source Code</Filter>
    </ClInclude>
    <ClInclude Include="..\..\model\factory\commentary\CommentaryFactory.h">
      <Filter>Core Source Code</Filter>
    </ClInclude>
    <ClInclude Include="..\..\model\factory\task\TaskFactory.h">
      <Filter>Core Source Code</Filter>
    </ClInclude>
    <ClInclude Include="..\..\model\repository\BaseRepository.h">
      <Filter>Core Source Code</Filter>
    </ClInclude>
    <ClInclude Include="..\..\model\repository\category\CategoryRepository.h">
      <Filter>Core Source Code</Filter>
    </ClInclude>
    <ClInclude Include="..\..\model\repository\commentary\CommentaryRepository.h">
      <Filter>Core Source Code</Filter>
    </ClInclude>
    <ClInclude Include="..\..\model\repository\IRepository.h">
      <Filter>Core Source Code</Filter>
    </ClInclude>
    <ClInclude Include="..\..\model\repository\IRepositoryImpl.h">
      <Filter>Core Source Code</Filter>
    </ClInclude>
    <ClInclude Include="..\..\model\repository\task\TaskFilterSettings.h">
      <Filter>Core Source Code</Filter>
    </ClInclude>
    <ClInclude Include="..\..\model\repository\task\TaskRepository.h">
      <Filter>Core Source Code</Filter>
    </ClInclude>
    <ClInclude Include="..\..\model\repository\task\TaskSortSettings.h">
      <Filter>Core Source Code</Filter>
    </ClInclude>
    <ClInclude Include="..\..\model\schema\Schema.h">
      <Filter>Core Source Code</Filter>
    </ClInclude>
    <ClInclude Include="..\..\model\traits\category\CategoryTraits.h">
      <Filter>Core Source Code</Filter>
    </ClInclude>
    <ClInclude Include="..\..\model\traits\commentary\CommentaryTraits.h">
      <Filter>Core Source Code</Filter>
    </ClInclude>
    <ClInclude Include="..\..\model\traits\IEntityTraits.h">
      <Filter>Core Source Code</Filter>
    </ClInclude>
    <ClInclude Include="..\..\model\traits\task\TaskTraits.h">
      <Filter>Core Source Code</Filter>
    </ClInclude>
    <ClInclude Include="..\..\utility\DateTime.h">
      <Filter>Core Source Code</Filter>
    </ClInclude>
    <ClInclude Include="..\..\utility\StringConversions.h">
      <Filter>Core Source Code</Filter>
    </ClInclude>
    <ClInclude Include="..\..\gui\wxwidgets\Application.h">
      <Filter>GUI</Filter>
    </ClInclude>
    <ClInclude Include="resource.h" />
    <ClInclude Include="..\..\gui\wxwidgets\screens\MainWindow.h">
      <Filter>GUI\Screens</Filter>
    </ClInclude>
    <ClInclude Include="..\..\gui\wxwidgets\screens\CategoriesManagerWindow.h">
      <Filter>GUI\Screens</Filter>
    </ClInclude>
    <ClInclude Include="..\..\gui\wxwidgets\components\TextLinkButton.h">
      <Filter>GUI\Components</Filter>
    </ClInclude>
    <ClInclude Include="..\..\gui\wxwidgets\screens\TaskEditorWindow.h">
      <Filter>GUI\Screens</Filter>
    </ClInclude>
    <ClInclude Include="..\..\model\workspace\Workspace.h">
      <Filter>Core Source Code</Filter>
    </ClInclude>
  </ItemGroup>
  <ItemGroup>
    <ResourceCompile Include="main-application-wxwidgets.rc">
      <Filter>Resource Files</Filter>
    </ResourceCompile>
  </ItemGroup>
  <ItemGroup>
    <Image Include="windos.ico">
      <Filter>Resource Files</Filter>
    </Image>
  </ItemGroup>
  <ItemGroup>
    <ClCompile Include="..\..\model\entity\category\Category.cpp">
      <Filter>Core Source Code</Filter>
    </ClCompile>
    <ClCompile Include="..\..\model\entity\commentary\Commentary.cpp">
      <Filter>Core Source Code</Filter>
    </ClCompile>
    <ClCompile Include="..\..\model\entity\IEntity.cpp">
      <Filter>Core Source Code</Filter>
    </ClCompile>
    <ClCompile Include="..\..\model\entity\task\Task.cpp">
      <Filter>Core Source Code</Filter>
    </ClCompile>
    <ClCompile Include="..\..\model\factory\category\CategoryFactory.cpp">
      <Filter>Core Source Code</Filter>
    </ClCompile>
    <ClCompile Include="..\..\model\factory\commentary\CommentaryFactory.cpp">
      <Filter>Core Source Code</Filter>
    </ClCompile>
    <ClCompile Include="..\..\model\factory\task\TaskFactory.cpp">
      <Filter>Core Source Code</Filter>
    </ClCompile>
    <ClCompile Include="..\..\model\repository\BaseRepository.cpp">
      <Filter>Core Source Code</Filter>
    </ClCompile>
    <ClCompile Include="..\..\model\repository\category\CategoryRepository.cpp">
      <Filter>Core Source Code</Filter>
    </ClCompile>
    <ClCompile Include="..\..\model\repository\commentary\CommentaryRepository.cpp">
      <Filter>Core Source Code</Filter>
    </ClCompile>
    <ClCompile Include="..\..\model\repository\task\TaskFilterSettings.cpp">
      <Filter>Core Source Code</Filter>
    </ClCompile>
    <ClCompile Include="..\..\model\repository\task\TaskRepository.cpp">
      <Filter>Core Source Code</Filter>
    </ClCompile>
    <ClCompile Include="..\..\model\repository\task\TaskSortSettings.cpp">
      <Filter>Core Source Code</Filter>
    </ClCompile>
    <ClCompile Include="..\..\model\schema\Schema.cpp">
      <Filter>Core Source Code</Filter>
    </ClCompile>
    <ClCompile Include="..\..\model\traits\category\CategoryTraits.cpp">
      <Filter>Core Source Code</Filter>
    </ClCompile>
    <ClCompile Include="..\..\model\traits\commentary\CommentaryTraits.cpp">
      <Filter>Core Source Code</Filter>
    </ClCompile>
    <ClCompile Include="..\..\model\traits\IEntityTraits.cpp">
      <Filter>Core Source Code</Filter>
    </ClCompile>
    <ClCompile Include="..\..\model\traits\task\TaskTraits.cpp">
      <Filter>Core Source Code</Filter>
    </ClCompile>
    <ClCompile Include="..\..\utility\DateTime.cpp">
      <Filter>Core Source Code</Filter>
    </ClCompile>
    <ClCompile Include="..\..\utility\StringConversions.cpp">
      <Filter>Core Source Code</Filter>
    </ClCompile>
    <ClCompile Include="..\..\contrib\sqlite\source\sqlite3.c">
      <Filter>Core Source Code Dependencies</Filter>
    </ClCompile>
    <ClCompile Include="..\..\gui\wxwidgets\Application.cpp">
      <Filter>GUI</Filter>
    </ClCompile>
    <ClCompile Include="..\..\gui\wxwidgets\screens\CategoriesManagerWindow.cpp">
      <Filter>GUI\Screens</Filter>
    </ClCompile>
    <ClCompile Include="..\..\gui\wxwidgets\screens\MainWindow.cpp">
      <Filter>GUI\Screens</Filter>
    </ClCompile>
    <ClCompile Include="..\..\gui\wxwidgets\components\TextLinkButton.cpp">
      <Filter>GUI\Components</Filter>
    </ClCompile>
    <ClCompile Include="..\..\gui\wxwidgets\screens\TaskEditorWindow.cpp">
      <Filter>GUI\Screens</Filter>
    </ClCompile>
    <ClCompile Include="..\..\model\workspace\Workspace.cpp">
      <Filter>Core Source Code</Filter>
    </ClCompile>
  </ItemGroup>
</Project>