<?xml version="1.0" encoding="utf-8"?>
<Project ToolsVersion="4.0" xmlns="http://schemas.microsoft.com/developer/msbuild/2003">
  <ItemGroup>
    <Filter Include="Source Files">
      <UniqueIdentifier>{4FC737F1-C7A5-4376-A066-2A32D752A2FF}</UniqueIdentifier>
      <Extensions>cpp;c;cc;cxx;def;odl;idl;hpj;bat;asm;asmx</Extensions>
    </Filter>
    <Filter Include="Header Files">
      <UniqueIdentifier>{93995380-89BD-4b04-88EB-625FBE52EBFB}</UniqueIdentifier>
      <Extensions>h;hh;hpp;hxx;hm;inl;inc;xsd</Extensions>
    </Filter>
    <Filter Include="Resource Files">
      <UniqueIdentifier>{67DA6AB6-F800-4c08-8B7A-83BB121AAD01}</UniqueIdentifier>
      <Extensions>rc;ico;cur;bmp;dlg;rc2;rct;bin;rgs;gif;jpg;jpeg;jpe;resx;tiff;tif;png;wav;mfcribbon-ms</Extensions>
    </Filter>
    <Filter Include="Core Source Code">
      <UniqueIdentifier>{d867612a-54e9-4ed7-ac78-79fc66c0c6b4}</UniqueIdentifier>
    </Filter>
    <Filter Include="Core Source Code Dependencies">
      <UniqueIdentifier>{db56f06b-5e10-4152-ba9a-32b3cf38a704}</UniqueIdentifier>
    </Filter>
  </ItemGroup>
  <ItemGroup>
    <ClInclude Include="resource.h">
      <Filter>Header Files</Filter>
    </ClInclude>
    <ClInclude Include="..\..\gui\wxwidgets\Application.h">
      <Filter>Header Files</Filter>
    </ClInclude>
    <ClInclude Include="..\..\gui\wxwidgets\MainWindow.h">
      <Filter>Header Files</Filter>
    </ClInclude>
    <ClInclude Include="..\..\model\entity\category\Category.h">
      <Filter>Core Source Code</Filter>
    </ClInclude>
    <ClInclude Include="..\..\model\entity\commentary\Commentary.h">
      <Filter>Core Source Code</Filter>
    </ClInclude>
    <ClInclude Include="..\..\model\entity\IEntity.h">
      <Filter>Core Source Code</Filter>
    </ClInclude>
    <ClInclude Include="..\..\model\entity\task\Task.h">
      <Filter>Core Source Code</Filter>
    </ClInclude>
    <ClInclude Include="..\..\model\entity\user\User.h">
      <Filter>Core Source Code</Filter>
    </ClInclude>
    <ClInclude Include="..\..\model\factory\category\CategoryFactory.h">
      <Filter>Core Source Code</Filter>
    </ClInclude>
    <ClInclude Include="..\..\model\factory\commentary\CommentaryFactory.h">
      <Filter>Core Source Code</Filter>
    </ClInclude>
    <ClInclude Include="..\..\model\factory\task\TaskFactory.h">
      <Filter>Core Source Code</Filter>
    </ClInclude>
    <ClInclude Include="..\..\model\factory\user\UserFactory.h">
      <Filter>Core Source Code</Filter>
    </ClInclude>
    <ClInclude Include="..\..\model\repository\BaseRepository.h">
      <Filter>Core Source Code</Filter>
    </ClInclude>
    <ClInclude Include="..\..\model\repository\category\CategoryRepository.h">
      <Filter>Core Source Code</Filter>
    </ClInclude>
    <ClInclude Include="..\..\model\repository\commentary\CommentaryRepository.h">
      <Filter>Core Source Code</Filter>
    </ClInclude>
    <ClInclude Include="..\..\model\repository\IRepository.h">
      <Filter>Core Source Code</Filter>
    </ClInclude>
    <ClInclude Include="..\..\model\repository\IRepositoryImpl.h">
      <Filter>Core Source Code</Filter>
    </ClInclude>
    <ClInclude Include="..\..\model\repository\task\TaskFilterSettings.h">
      <Filter>Core Source Code</Filter>
    </ClInclude>
    <ClInclude Include="..\..\model\repository\task\TaskRepository.h">
      <Filter>Core Source Code</Filter>
    </ClInclude>
    <ClInclude Include="..\..\model\repository\task\TaskSortSettings.h">
      <Filter>Core Source Code</Filter>
    </ClInclude>
    <ClInclude Include="..\..\model\repository\user\UserRepository.h">
      <Filter>Core Source Code</Filter>
    </ClInclude>
    <ClInclude Include="..\..\model\schema\Schema.h">
      <Filter>Core Source Code</Filter>
    </ClInclude>
    <ClInclude Include="..\..\model\traits\category\CategoryTraits.h">
      <Filter>Core Source Code</Filter>
    </ClInclude>
    <ClInclude Include="..\..\model\traits\commentary\CommentaryTraits.h">
      <Filter>Core Source Code</Filter>
    </ClInclude>
    <ClInclude Include="..\..\model\traits\IEntityTraits.h">
      <Filter>Core Source Code</Filter>
    </ClInclude>
    <ClInclude Include="..\..\model\traits\task\TaskTraits.h">
      <Filter>Core Source Code</Filter>
    </ClInclude>
    <ClInclude Include="..\..\model\traits\user\UserTraits.h">
      <Filter>Core Source Code</Filter>
    </ClInclude>
    <ClInclude Include="..\..\utility\DateTime.h">
      <Filter>Core Source Code</Filter>
    </ClInclude>
    <ClInclude Include="..\..\utility\StringConversions.h">
      <Filter>Core Source Code</Filter>
    </ClInclude>
  </ItemGroup>
  <ItemGroup>
    <ResourceCompile Include="main-application-wxwidgets.rc">
      <Filter>Resource Files</Filter>
    </ResourceCompile>
  </ItemGroup>
  <ItemGroup>
    <Image Include="windos.ico">
      <Filter>Resource Files</Filter>
    </Image>
  </ItemGroup>
  <ItemGroup>
    <ClCompile Include="..\..\gui\wxwidgets\MainWindow.cpp">
      <Filter>Source Files</Filter>
    </ClCompile>
    <ClCompile Include="..\..\gui\wxwidgets\Application.cpp">
      <Filter>Source Files</Filter>
    </ClCompile>
    <ClCompile Include="..\..\model\entity\category\Category.cpp">
      <Filter>Core Source Code</Filter>
    </ClCompile>
    <ClCompile Include="..\..\model\entity\commentary\Commentary.cpp">
      <Filter>Core Source Code</Filter>
    </ClCompile>
    <ClCompile Include="..\..\model\entity\IEntity.cpp">
      <Filter>Core Source Code</Filter>
    </ClCompile>
    <ClCompile Include="..\..\model\entity\task\Task.cpp">
      <Filter>Core Source Code</Filter>
    </ClCompile>
    <ClCompile Include="..\..\model\entity\user\User.cpp">
      <Filter>Core Source Code</Filter>
    </ClCompile>
    <ClCompile Include="..\..\model\factory\category\CategoryFactory.cpp">
      <Filter>Core Source Code</Filter>
    </ClCompile>
    <ClCompile Include="..\..\model\factory\commentary\CommentaryFactory.cpp">
      <Filter>Core Source Code</Filter>
    </ClCompile>
    <ClCompile Include="..\..\model\factory\task\TaskFactory.cpp">
      <Filter>Core Source Code</Filter>
    </ClCompile>
    <ClCompile Include="..\..\model\factory\user\UserFactory.cpp">
      <Filter>Core Source Code</Filter>
    </ClCompile>
    <ClCompile Include="..\..\model\repository\BaseRepository.cpp">
      <Filter>Core Source Code</Filter>
    </ClCompile>
    <ClCompile Include="..\..\model\repository\category\CategoryRepository.cpp">
      <Filter>Core Source Code</Filter>
    </ClCompile>
    <ClCompile Include="..\..\model\repository\commentary\CommentaryRepository.cpp">
      <Filter>Core Source Code</Filter>
    </ClCompile>
    <ClCompile Include="..\..\model\repository\task\TaskFilterSettings.cpp">
      <Filter>Core Source Code</Filter>
    </ClCompile>
    <ClCompile Include="..\..\model\repository\task\TaskRepository.cpp">
      <Filter>Core Source Code</Filter>
    </ClCompile>
    <ClCompile Include="..\..\model\repository\task\TaskSortSettings.cpp">
      <Filter>Core Source Code</Filter>
    </ClCompile>
    <ClCompile Include="..\..\model\repository\user\UserRepository.cpp">
      <Filter>Core Source Code</Filter>
    </ClCompile>
    <ClCompile Include="..\..\model\schema\Schema.cpp">
      <Filter>Core Source Code</Filter>
    </ClCompile>
    <ClCompile Include="..\..\model\traits\category\CategoryTraits.cpp">
      <Filter>Core Source Code</Filter>
    </ClCompile>
    <ClCompile Include="..\..\model\traits\commentary\CommentaryTraits.cpp">
      <Filter>Core Source Code</Filter>
    </ClCompile>
    <ClCompile Include="..\..\model\traits\IEntityTraits.cpp">
      <Filter>Core Source Code</Filter>
    </ClCompile>
    <ClCompile Include="..\..\model\traits\task\TaskTraits.cpp">
      <Filter>Core Source Code</Filter>
    </ClCompile>
    <ClCompile Include="..\..\model\traits\user\UserTraits.cpp">
      <Filter>Core Source Code</Filter>
    </ClCompile>
    <ClCompile Include="..\..\utility\DateTime.cpp">
      <Filter>Core Source Code</Filter>
    </ClCompile>
    <ClCompile Include="..\..\utility\StringConversions.cpp">
      <Filter>Core Source Code</Filter>
    </ClCompile>
    <ClCompile Include="..\..\contrib\sqlite\source\sqlite3.c">
      <Filter>Core Source Code Dependencies</Filter>
    </ClCompile>
  </ItemGroup>
</Project>